
Microsoft Visual Studio Solution File, Format Version 12.00
# Visual Studio 14
VisualStudioVersion = 14.0.24720.0
MinimumVisualStudioVersion = 10.0.40219.1
Project("{FAE04EC0-301F-11D3-BF4B-00C04F79EFBC}") = "mvcIdiomas", "mvcIdiomas\mvcIdiomas.csproj", "{10081467-EAF9-4EDC-9D22-64A0A90608CD}"
EndProject
Project("{FAE04EC0-301F-11D3-BF4B-00C04F79EFBC}") = "mvcIdiomas.Tests", "mvcIdiomas.Tests\mvcIdiomas.Tests.csproj", "{6BCCA0B1-FB77-4ACC-8B37-8637C5E7E801}"
EndProject
Global
	GlobalSection(SolutionConfigurationPlatforms) = preSolution
		Debug|Any CPU = Debug|Any CPU
		Release|Any CPU = Release|Any CPU
	EndGlobalSection
	GlobalSection(ProjectConfigurationPlatforms) = postSolution
		{10081467-EAF9-4EDC-9D22-64A0A90608CD}.Debug|Any CPU.ActiveCfg = Debug|Any CPU
		{10081467-EAF9-4EDC-9D22-64A0A90608CD}.Debug|Any CPU.Build.0 = Debug|Any CPU
		{10081467-EAF9-4EDC-9D22-64A0A90608CD}.Release|Any CPU.ActiveCfg = Release|Any CPU
		{10081467-EAF9-4EDC-9D22-64A0A90608CD}.Release|Any CPU.Build.0 = Release|Any CPU
		{6BCCA0B1-FB77-4ACC-8B37-8637C5E7E801}.Debug|Any CPU.ActiveCfg = Debug|Any CPU
		{6BCCA0B1-FB77-4ACC-8B37-8637C5E7E801}.Debug|Any CPU.Build.0 = Debug|Any CPU
		{6BCCA0B1-FB77-4ACC-8B37-8637C5E7E801}.Release|Any CPU.ActiveCfg = Release|Any CPU
		{6BCCA0B1-FB77-4ACC-8B37-8637C5E7E801}.Release|Any CPU.Build.0 = Release|Any CPU
	EndGlobalSection
	GlobalSection(SolutionProperties) = preSolution
		HideSolutionNode = FALSE
	EndGlobalSection
EndGlobal
